[[package]]
name = "apipkg"
version = "1.5"
description = "apipkg: namespace control and lazy-import mechanism"
category = "main"
optional = false
python-versions = ">=2.7, !=3.0.*, !=3.1.*, !=3.2.*, !=3.3.*"

[[package]]
name = "astutils"
version = "0.0.4"
description = "Utilities for abstract syntax trees and parsing with PLY."
category = "main"
optional = false
python-versions = "*"

[package.dependencies]
ply = ">=3.4,<=3.10"

[[package]]
name = "atomicwrites"
version = "1.4.0"
description = "Atomic file writes."
category = "main"
optional = false
python-versions = ">=2.7, !=3.0.*, !=3.1.*, !=3.2.*, !=3.3.*"

[[package]]
name = "attrs"
version = "20.3.0"
description = "Classes Without Boilerplate"
category = "main"
optional = false
python-versions = ">=2.7, !=3.0.*, !=3.1.*, !=3.2.*, !=3.3.*"

[package.extras]
dev = ["coverage[toml] (>=5.0.2)", "hypothesis", "pympler", "pytest (>=4.3.0)", "six", "zope.interface", "furo", "sphinx", "pre-commit"]
docs = ["furo", "sphinx", "zope.interface"]
tests = ["coverage[toml] (>=5.0.2)", "hypothesis", "pympler", "pytest (>=4.3.0)", "six", "zope.interface"]
tests_no_zope = ["coverage[toml] (>=5.0.2)", "hypothesis", "pympler", "pytest (>=4.3.0)", "six"]

[[package]]
name = "bdd2dfa"
version = "1.0.3"
description = "Python library for converting binary decision diagrams to automata."
category = "main"
optional = false
python-versions = ">=3.7,<4.0"

[package.dependencies]
attrs = ">=20.0.0,<21.0.0"
dfa = ">=2.0.0,<3.0.0"

[[package]]
name = "bidict"
version = "0.21.2"
description = "The bidirectional mapping library for Python."
category = "main"
optional = false
python-versions = ">=3.6"

[package.extras]
coverage = ["coverage (<6)", "pytest-cov (<3)"]
dev = ["setuptools-scm", "hypothesis (<6)", "py (<2)", "pytest (<7)", "pytest-benchmark (>=3.2.0,<4)", "sortedcollections (<2)", "sortedcontainers (<3)", "Sphinx (<4)", "sphinx-autodoc-typehints (<2)", "coverage (<6)", "pytest-cov (<3)", "pre-commit (<3)", "tox (<4)"]
docs = ["Sphinx (<4)", "sphinx-autodoc-typehints (<2)"]
precommit = ["pre-commit (<3)"]
test = ["hypothesis (<6)", "py (<2)", "pytest (<7)", "pytest-benchmark (>=3.2.0,<4)", "sortedcollections (<2)", "sortedcontainers (<3)", "Sphinx (<4)", "sphinx-autodoc-typehints (<2)"]

[[package]]
name = "colorama"
version = "0.4.4"
description = "Cross-platform colored terminal text."
category = "main"
optional = false
python-versions = ">=2.7, !=3.0.*, !=3.1.*, !=3.2.*, !=3.3.*, !=3.4.*"

[[package]]
name = "dd"
version = "0.5.5"
description = "Binary decision diagrams implemented in pure Python, as well as Cython wrappers of CUDD, Sylvan, and BuDDy."
category = "main"
optional = false
python-versions = "*"

[package.dependencies]
astutils = ">=0.0.1"
networkx = ">=1.9.1"
ply = ">=3.4,<=3.10"
psutil = ">=3.2.2"
pydot = ">=1.2.2"

[[package]]
name = "decorator"
version = "4.4.2"
description = "Decorators for Humans"
category = "main"
optional = false
python-versions = ">=2.6, !=3.0.*, !=3.1.*"

[[package]]
name = "dfa"
version = "2.1.1"
description = "Python library for modeling DFAs, Moore Machines, and Transition Systems."
category = "main"
optional = false
python-versions = ">=3.7,<4.0"

[package.dependencies]
attrs = ">=20.0.0,<21.0.0"
funcy = ">=1.12,<2.0"
lazytree = ">=0.3.1,<0.4.0"
pytest-xdist = ">=2.1.0,<3.0.0"

[package.extras]
draw = ["pydot (>=1.4,<2.0)"]

[[package]]
name = "execnet"
version = "1.7.1"
description = "execnet: rapid multi-Python deployment"
category = "main"
optional = false
python-versions = ">=2.7, !=3.0.*, !=3.1.*, !=3.2.*, !=3.3.*"

[package.dependencies]
apipkg = ">=1.4"

[package.extras]
testing = ["pre-commit"]

[[package]]
name = "flake8"
version = "3.8.4"
description = "the modular source code checker: pep8 pyflakes and co"
category = "dev"
optional = false
python-versions = "!=3.0.*,!=3.1.*,!=3.2.*,!=3.3.*,>=2.7"

[package.dependencies]
importlib-metadata = {version = "*", markers = "python_version < \"3.8\""}
mccabe = ">=0.6.0,<0.7.0"
pycodestyle = ">=2.6.0a1,<2.7.0"
pyflakes = ">=2.2.0,<2.3.0"

[[package]]
name = "funcy"
version = "1.15"
description = "A fancy and practical functional tools"
category = "main"
optional = false
python-versions = "*"

[[package]]
name = "importlib-metadata"
version = "2.0.0"
description = "Read metadata from Python packages"
category = "main"
optional = false
python-versions = "!=3.0.*,!=3.1.*,!=3.2.*,!=3.3.*,!=3.4.*,>=2.7"

[package.dependencies]
zipp = ">=0.5"

[package.extras]
docs = ["sphinx", "rst.linker"]
testing = ["packaging", "pep517", "importlib-resources (>=1.3)"]

[[package]]
name = "iniconfig"
version = "1.1.1"
description = "iniconfig: brain-dead simple config-ini parsing"
category = "main"
optional = false
python-versions = "*"

[[package]]
name = "lazytree"
version = "0.3.2"
description = "Python library for manipulating infinite trees."
category = "main"
optional = false
python-versions = ">=3.6,<4.0"

[package.dependencies]
attrs = ">=20.0.0,<21.0.0"
funcy = ">=1.12,<2.0"

[[package]]
name = "mccabe"
version = "0.6.1"
description = "McCabe checker, plugin for flake8"
category = "dev"
optional = false
python-versions = "*"

[[package]]
name = "mdd"
version = "0.3.5"
description = "Python abstraction around Binary Decision Diagrams to implement Multivalued Decision Diagrams."
category = "main"
optional = false
python-versions = ">=3.7,<4.0"

[package.dependencies]
bdd2dfa = {version = ">=1.0.3,<2.0.0", extras = ["nx"]}
dd = ">=0.5.5,<0.6.0"
funcy = ">=1.14,<2.0"
networkx = {version = ">=2.5,<3.0", extras = ["nx"]}
py-aiger = ">=6.1.1,<7.0.0"
py-aiger-bdd = ">=3.0.0,<4.0.0"
py-aiger-bv = ">=4.3.0,<5.0.0"

[[package]]
name = "networkx"
version = "2.5"
description = "Python package for creating and manipulating graphs and networks"
category = "main"
optional = false
python-versions = ">=3.6"

[package.dependencies]
decorator = ">=4.3.0"

[package.extras]
all = ["numpy", "scipy", "pandas", "matplotlib", "pygraphviz", "pydot", "pyyaml", "lxml", "pytest"]
gdal = ["gdal"]
lxml = ["lxml"]
matplotlib = ["matplotlib"]
numpy = ["numpy"]
pandas = ["pandas"]
pydot = ["pydot"]
pygraphviz = ["pygraphviz"]
pytest = ["pytest"]
pyyaml = ["pyyaml"]
scipy = ["scipy"]

[[package]]
name = "numpy"
version = "1.19.4"
description = "NumPy is the fundamental package for array computing with Python."
category = "main"
optional = false
python-versions = ">=3.6"

[[package]]
name = "packaging"
version = "20.4"
description = "Core utilities for Python packages"
category = "main"
optional = false
python-versions = ">=2.7, !=3.0.*, !=3.1.*, !=3.2.*, !=3.3.*"

[package.dependencies]
pyparsing = ">=2.0.2"
six = "*"

[[package]]
name = "parsimonious"
version = "0.8.1"
description = "(Soon to be) the fastest pure-Python PEG parser I could muster"
category = "main"
optional = false
python-versions = "*"

[package.dependencies]
six = ">=1.9.0"

[[package]]
name = "pluggy"
version = "0.13.1"
description = "plugin and hook calling mechanisms for python"
category = "main"
optional = false
python-versions = ">=2.7, !=3.0.*, !=3.1.*, !=3.2.*, !=3.3.*"

[package.dependencies]
importlib-metadata = {version = ">=0.12", markers = "python_version < \"3.8\""}

[package.extras]
dev = ["pre-commit", "tox"]

[[package]]
name = "ply"
version = "3.10"
description = "Python Lex & Yacc"
category = "main"
optional = false
python-versions = "*"

[[package]]
name = "psutil"
version = "5.7.3"
description = "Cross-platform lib for process and system monitoring in Python."
category = "main"
optional = false
python-versions = ">=2.6, !=3.0.*, !=3.1.*, !=3.2.*, !=3.3.*"

[package.extras]
test = ["ipaddress", "mock", "unittest2", "enum34", "pywin32", "wmi"]

[[package]]
name = "py"
version = "1.9.0"
description = "library with cross-python path, ini-parsing, io, code, log facilities"
category = "main"
optional = false
python-versions = ">=2.7, !=3.0.*, !=3.1.*, !=3.2.*, !=3.3.*"

[[package]]
name = "py-aiger"
version = "6.1.11"
description = "A python library for manipulating sequential and-inverter gates."
category = "main"
optional = false
python-versions = ">=3.7,<4.0"

[package.dependencies]
attrs = ">=20.0.0,<21.0.0"
bidict = ">=0.21.0,<0.22.0"
funcy = ">=1.12,<2.0"
parsimonious = ">=0.8.1,<0.9.0"
pyrsistent = ">=0.17.0,<0.18.0"
sortedcontainers = ">=2.3.0,<3.0.0"
toposort = ">=1.5,<2.0"

[[package]]
name = "py-aiger-bdd"
version = "3.0.1"
description = "Aiger to BDD bridge."
category = "main"
optional = false
python-versions = ">=3.7,<4.0"

[package.dependencies]
attrs = ">=20.0.0,<21.0.0"
bidict = ">=0.21.0,<0.22.0"
dd = ">=0.5.4,<0.6.0"
funcy = ">=1.12,<2.0"
py-aiger = ">=6.0.0,<7.0.0"

[[package]]
name = "py-aiger-bv"
version = "4.5.1"
description = "A python library for manipulating sequential and-inverter gates."
category = "main"
optional = false
python-versions = ">=3.7,<4.0"

[package.dependencies]
attrs = ">=20.0.0,<21.0.0"
funcy = ">=1.12,<2.0"
py-aiger = ">=6.1.2,<7.0.0"
pyrsistent = ">=0.17,<0.18"

[[package]]
name = "py-aiger-cnf"
version = "5.0.1"
description = "Python library to convert between AIGER and CNF"
category = "main"
optional = false
python-versions = ">=3.7,<4.0"

[package.dependencies]
bidict = ">=0.21.0,<0.22.0"
funcy = ">=1.12,<2.0"
py-aiger = ">=6.0.0,<7.0.0"

[[package]]
name = "py-aiger-coins"
version = "3.2.0"
description = "Library for creating circuits that encode discrete distributions."
category = "main"
optional = false
python-versions = ">=3.7,<4.0"

[package.dependencies]
attrs = ">=20.0.0,<21.0.0"
funcy = ">=1.13,<2.0"
py-aiger = ">=6.1.1,<7.0.0"
py-aiger-bv = ">=4.4.0,<5.0.0"
py-aiger-discrete = ">=0.1.2,<0.2.0"

[package.extras]
bdd = ["py-aiger-bdd (>=3.0.0,<4.0.0)", "mdd (>=0.3.4,<0.4.0)", "numpy (>=1.19.4,<2.0.0)"]
sat = ["py-aiger-sat (>=3.0.4,<4.0.0)"]

[[package]]
name = "py-aiger-discrete"
version = "0.1.6"
description = "Library for modeling functions over discrete sets using aiger circuits."
category = "main"
optional = false
python-versions = ">=3.7,<4.0"

[package.dependencies]
funcy = ">=1.14,<2.0"
py-aiger-bv = ">=4.5.1,<5.0.0"
py-aiger-ptltl = ">=3.0.1,<4.0.0"
pyrsistent = ">=0.17.3,<0.18.0"

[package.extras]
mdd = ["mdd (>=0.3.3,<0.4.0)"]

[[package]]
name = "py-aiger-ptltl"
version = "3.0.1"
description = "Library for generating (p)ast (t)ense (l)inear (t)emporal (l)ogic monitors as aiger circuits."
category = "main"
optional = false
python-versions = ">=3.7,<4.0"

[package.dependencies]
py-aiger = ">=6.0.0,<7.0.0"

[[package]]
name = "py-aiger-sat"
version = "3.0.4"
description = "Pythonic interface between AIGs and SAT solvers."
category = "main"
optional = false
python-versions = ">=3.7,<4.0"

[package.dependencies]
attrs = ">=20.0.0,<21.0.0"
py-aiger = ">=6.0.0,<7.0.0"
py-aiger-cnf = ">=5.0.0,<6.0.0"
python-sat = ">=0.1.0,<0.2.0"

[package.extras]
bitvector = ["py-aiger-bv (>=4.0.0,<5.0.0)"]

[[package]]
name = "pycodestyle"
version = "2.6.0"
description = "Python style guide checker"
category = "dev"
optional = false
python-versions = ">=2.7, !=3.0.*, !=3.1.*, !=3.2.*, !=3.3.*"

[[package]]
name = "pydot"
version = "1.4.1"
description = "Python interface to Graphviz's Dot"
category = "main"
optional = false
python-versions = ">=2.7, !=3.0.*, !=3.1.*, !=3.2.*, !=3.3.*"

[package.dependencies]
pyparsing = ">=2.1.4"

[[package]]
name = "pyflakes"
version = "2.2.0"
description = "passive checker of Python programs"
category = "dev"
optional = false
python-versions = ">=2.7, !=3.0.*, !=3.1.*, !=3.2.*, !=3.3.*"

[[package]]
name = "pyparsing"
version = "2.4.7"
description = "Python parsing module"
category = "main"
optional = false
python-versions = ">=2.6, !=3.0.*, !=3.1.*, !=3.2.*"

[[package]]
name = "pyrsistent"
version = "0.17.3"
description = "Persistent/Functional/Immutable data structures"
category = "main"
optional = false
python-versions = ">=3.5"

[[package]]
name = "pytest"
version = "6.1.2"
description = "pytest: simple powerful testing with Python"
category = "main"
optional = false
python-versions = ">=3.5"

[package.dependencies]
atomicwrites = {version = ">=1.0", markers = "sys_platform == \"win32\""}
attrs = ">=17.4.0"
colorama = {version = "*", markers = "sys_platform == \"win32\""}
importlib-metadata = {version = ">=0.12", markers = "python_version < \"3.8\""}
iniconfig = "*"
packaging = "*"
pluggy = ">=0.12,<1.0"
py = ">=1.8.2"
toml = "*"

[package.extras]
checkqa_mypy = ["mypy (==0.780)"]
testing = ["argcomplete", "hypothesis (>=3.56)", "mock", "nose", "requests", "xmlschema"]

[[package]]
name = "pytest-flake8"
version = "1.0.6"
description = "pytest plugin to check FLAKE8 requirements"
category = "dev"
optional = false
python-versions = "*"

[package.dependencies]
flake8 = ">=3.5"
pytest = ">=3.5"

[[package]]
name = "pytest-forked"
version = "1.3.0"
description = "run tests in isolated forked subprocesses"
category = "main"
optional = false
python-versions = ">=2.7, !=3.0.*, !=3.1.*, !=3.2.*, !=3.3.*, !=3.4.*"

[package.dependencies]
py = "*"
pytest = ">=3.10"

[[package]]
name = "pytest-xdist"
version = "2.1.0"
description = "pytest xdist plugin for distributed testing and loop-on-failing modes"
category = "main"
optional = false
python-versions = ">=3.5"

[package.dependencies]
execnet = ">=1.1"
pytest = ">=6.0.0"
pytest-forked = "*"

[package.extras]
psutil = ["psutil (>=3.0)"]
testing = ["filelock"]

[[package]]
name = "python-sat"
version = "0.1.6.dev9"
description = "A Python library for prototyping with SAT oracles"
category = "main"
optional = false
python-versions = "*"

[package.dependencies]
six = "*"

[package.extras]
aiger = ["py-aiger-cnf (>=2.0.0)"]
pblib = ["pypblib (>=0.0.3)"]

[[package]]
name = "scipy"
version = "1.5.4"
description = "SciPy: Scientific Library for Python"
category = "main"
optional = false
python-versions = ">=3.6"

[package.dependencies]
numpy = ">=1.14.5"

[[package]]
name = "six"
version = "1.15.0"
description = "Python 2 and 3 compatibility utilities"
category = "main"
optional = false
python-versions = ">=2.7, !=3.0.*, !=3.1.*, !=3.2.*"

[[package]]
name = "sortedcontainers"
version = "2.3.0"
description = "Sorted Containers -- Sorted List, Sorted Dict, Sorted Set"
category = "main"
optional = false
python-versions = "*"

[[package]]
name = "toml"
version = "0.10.2"
description = "Python Library for Tom's Obvious, Minimal Language"
category = "main"
optional = false
python-versions = ">=2.6, !=3.0.*, !=3.1.*, !=3.2.*"

[[package]]
name = "toposort"
version = "1.5"
description = "Implements a topological sort algorithm."
category = "main"
optional = false
python-versions = "*"

[[package]]
name = "zipp"
version = "3.4.0"
description = "Backport of pathlib-compatible object wrapper for zip files"
category = "main"
optional = false
python-versions = ">=3.6"

[package.extras]
docs = ["sphinx", "jaraco.packaging (>=3.2)", "rst.linker (>=1.9)"]
testing = ["pytest (>=3.5,!=3.7.3)", "pytest-checkdocs (>=1.2.3)", "pytest-flake8", "pytest-cov", "jaraco.test (>=3.2.0)", "jaraco.itertools", "func-timeout", "pytest-black (>=0.3.7)", "pytest-mypy"]

[metadata]
lock-version = "1.1"
python-versions = "^3.7"
content-hash = "03b781016ae9eb2f17a6b82c501b68e5b6528bb8c7787b75cf65bc9350a6bf67"

[metadata.files]
apipkg = [
    {file = "apipkg-1.5-py2.py3-none-any.whl", hash = "sha256:58587dd4dc3daefad0487f6d9ae32b4542b185e1c36db6993290e7c41ca2b47c"},
    {file = "apipkg-1.5.tar.gz", hash = "sha256:37228cda29411948b422fae072f57e31d3396d2ee1c9783775980ee9c9990af6"},
]
astutils = [
    {file = "astutils-0.0.4.tar.gz", hash = "sha256:da28d76b9e0893fb0f2678b91a30840f3db99b703aadc69226f500096f60747f"},
]
atomicwrites = [
    {file = "atomicwrites-1.4.0-py2.py3-none-any.whl", hash = "sha256:6d1784dea7c0c8d4a5172b6c620f40b6e4cbfdf96d783691f2e1302a7b88e197"},
    {file = "atomicwrites-1.4.0.tar.gz", hash = "sha256:ae70396ad1a434f9c7046fd2dd196fc04b12f9e91ffb859164193be8b6168a7a"},
]
attrs = [
    {file = "attrs-20.3.0-py2.py3-none-any.whl", hash = "sha256:31b2eced602aa8423c2aea9c76a724617ed67cf9513173fd3a4f03e3a929c7e6"},
    {file = "attrs-20.3.0.tar.gz", hash = "sha256:832aa3cde19744e49938b91fea06d69ecb9e649c93ba974535d08ad92164f700"},
]
bdd2dfa = [
    {file = "bdd2dfa-1.0.3-py3-none-any.whl", hash = "sha256:d7194b3028ce001ed3331d3ba3d30b8935729619822ab8c373797359b8dcd72b"},
    {file = "bdd2dfa-1.0.3.tar.gz", hash = "sha256:5764f94a258a1aa5e9d851f5575b8cb9044e299a5fa0dc0280104a7767c5e573"},
]
bidict = [
    {file = "bidict-0.21.2-py2.py3-none-any.whl", hash = "sha256:929d056e8d0d9b17ceda20ba5b24ac388e2a4d39802b87f9f4d3f45ecba070bf"},
    {file = "bidict-0.21.2.tar.gz", hash = "sha256:4fa46f7ff96dc244abfc437383d987404ae861df797e2fd5b190e233c302be09"},
]
colorama = [
    {file = "colorama-0.4.4-py2.py3-none-any.whl", hash = "sha256:9f47eda37229f68eee03b24b9748937c7dc3868f906e8ba69fbcbdd3bc5dc3e2"},
    {file = "colorama-0.4.4.tar.gz", hash = "sha256:5941b2b48a20143d2267e95b1c2a7603ce057ee39fd88e7329b0c292aa16869b"},
]
dd = [
    {file = "dd-0.5.5.tar.gz", hash = "sha256:4de47be0ee16b2843e6dda9b0363e113afad31109263559f2298071ed5dab982"},
]
decorator = [
    {file = "decorator-4.4.2-py2.py3-none-any.whl", hash = "sha256:41fa54c2a0cc4ba648be4fd43cff00aedf5b9465c9bf18d64325bc225f08f760"},
    {file = "decorator-4.4.2.tar.gz", hash = "sha256:e3a62f0520172440ca0dcc823749319382e377f37f140a0b99ef45fecb84bfe7"},
]
dfa = [
    {file = "dfa-2.1.1-py3-none-any.whl", hash = "sha256:79f9d13a95adf1295215b3bae5a140e2850f0c094471c85b47c3a3407bdbcbce"},
    {file = "dfa-2.1.1.tar.gz", hash = "sha256:899f4eec7e4322fdbfccb0b1c2a7b15bc34f95af2dd65268e9dfaf1fb474d5a5"},
]
execnet = [
    {file = "execnet-1.7.1-py2.py3-none-any.whl", hash = "sha256:d4efd397930c46415f62f8a31388d6be4f27a91d7550eb79bc64a756e0056547"},
    {file = "execnet-1.7.1.tar.gz", hash = "sha256:cacb9df31c9680ec5f95553976c4da484d407e85e41c83cb812aa014f0eddc50"},
]
flake8 = [
    {file = "flake8-3.8.4-py2.py3-none-any.whl", hash = "sha256:749dbbd6bfd0cf1318af27bf97a14e28e5ff548ef8e5b1566ccfb25a11e7c839"},
    {file = "flake8-3.8.4.tar.gz", hash = "sha256:aadae8761ec651813c24be05c6f7b4680857ef6afaae4651a4eccaef97ce6c3b"},
]
funcy = [
    {file = "funcy-1.15-py2.py3-none-any.whl", hash = "sha256:c247c3d085e03a89974e0c9e8331e9a79db3768a263556ba896d6c92d665bba2"},
    {file = "funcy-1.15.tar.gz", hash = "sha256:65b746fed572b392d886810a98d56939c6e0d545abb750527a717c21ced21008"},
]
importlib-metadata = [
    {file = "importlib_metadata-2.0.0-py2.py3-none-any.whl", hash = "sha256:cefa1a2f919b866c5beb7c9f7b0ebb4061f30a8a9bf16d609b000e2dfaceb9c3"},
    {file = "importlib_metadata-2.0.0.tar.gz", hash = "sha256:77a540690e24b0305878c37ffd421785a6f7e53c8b5720d211b211de8d0e95da"},
]
iniconfig = [
    {file = "iniconfig-1.1.1-py2.py3-none-any.whl", hash = "sha256:011e24c64b7f47f6ebd835bb12a743f2fbe9a26d4cecaa7f53bc4f35ee9da8b3"},
    {file = "iniconfig-1.1.1.tar.gz", hash = "sha256:bc3af051d7d14b2ee5ef9969666def0cd1a000e121eaea580d4a313df4b37f32"},
]
lazytree = [
    {file = "lazytree-0.3.2-py3-none-any.whl", hash = "sha256:dc11850027ab2d4efa35210f6dd34837a1baf202578ae278e4d1a90f657fb8e4"},
    {file = "lazytree-0.3.2.tar.gz", hash = "sha256:7a035efb5fb61d9209375e594780c1039af1feda02118f7fcbd74fdf6e4321da"},
]
mccabe = [
    {file = "mccabe-0.6.1-py2.py3-none-any.whl", hash = "sha256:ab8a6258860da4b6677da4bd2fe5dc2c659cff31b3ee4f7f5d64e79735b80d42"},
    {file = "mccabe-0.6.1.tar.gz", hash = "sha256:dd8d182285a0fe56bace7f45b5e7d1a6ebcbf524e8f3bd87eb0f125271b8831f"},
]
mdd = [
    {file = "mdd-0.3.5-py3-none-any.whl", hash = "sha256:84347f0c4cb538b74e473c27d727abf9829ed1ae63fb306d5c70c228cb2e99ac"},
    {file = "mdd-0.3.5.tar.gz", hash = "sha256:9bbc6081900c6f1241944bc630ff3fd72cd723345b88db44af373741bcdc7952"},
]
networkx = [
    {file = "networkx-2.5-py3-none-any.whl", hash = "sha256:8c5812e9f798d37c50570d15c4a69d5710a18d77bafc903ee9c5fba7454c616c"},
    {file = "networkx-2.5.tar.gz", hash = "sha256:7978955423fbc9639c10498878be59caf99b44dc304c2286162fd24b458c1602"},
]
numpy = [
    {file = "numpy-1.19.4-cp36-cp36m-macosx_10_9_x86_64.whl", hash = "sha256:e9b30d4bd69498fc0c3fe9db5f62fffbb06b8eb9321f92cc970f2969be5e3949"},
    {file = "numpy-1.19.4-cp36-cp36m-manylinux1_i686.whl", hash = "sha256:fedbd128668ead37f33917820b704784aff695e0019309ad446a6d0b065b57e4"},
    {file = "numpy-1.19.4-cp36-cp36m-manylinux1_x86_64.whl", hash = "sha256:8ece138c3a16db8c1ad38f52eb32be6086cc72f403150a79336eb2045723a1ad"},
    {file = "numpy-1.19.4-cp36-cp36m-manylinux2010_i686.whl", hash = "sha256:64324f64f90a9e4ef732be0928be853eee378fd6a01be21a0a8469c4f2682c83"},
    {file = "numpy-1.19.4-cp36-cp36m-manylinux2010_x86_64.whl", hash = "sha256:ad6f2ff5b1989a4899bf89800a671d71b1612e5ff40866d1f4d8bcf48d4e5764"},
    {file = "numpy-1.19.4-cp36-cp36m-manylinux2014_aarch64.whl", hash = "sha256:d6c7bb82883680e168b55b49c70af29b84b84abb161cbac2800e8fcb6f2109b6"},
    {file = "numpy-1.19.4-cp36-cp36m-win32.whl", hash = "sha256:13d166f77d6dc02c0a73c1101dd87fdf01339febec1030bd810dcd53fff3b0f1"},
    {file = "numpy-1.19.4-cp36-cp36m-win_amd64.whl", hash = "sha256:448ebb1b3bf64c0267d6b09a7cba26b5ae61b6d2dbabff7c91b660c7eccf2bdb"},
    {file = "numpy-1.19.4-cp37-cp37m-macosx_10_9_x86_64.whl", hash = "sha256:27d3f3b9e3406579a8af3a9f262f5339005dd25e0ecf3cf1559ff8a49ed5cbf2"},
    {file = "numpy-1.19.4-cp37-cp37m-manylinux1_i686.whl", hash = "sha256:16c1b388cc31a9baa06d91a19366fb99ddbe1c7b205293ed072211ee5bac1ed2"},
    {file = "numpy-1.19.4-cp37-cp37m-manylinux1_x86_64.whl", hash = "sha256:e5b6ed0f0b42317050c88022349d994fe72bfe35f5908617512cd8c8ef9da2a9"},
    {file = "numpy-1.19.4-cp37-cp37m-manylinux2010_i686.whl", hash = "sha256:18bed2bcb39e3f758296584337966e68d2d5ba6aab7e038688ad53c8f889f757"},
    {file = "numpy-1.19.4-cp37-cp37m-manylinux2010_x86_64.whl", hash = "sha256:fe45becb4c2f72a0907c1d0246ea6449fe7a9e2293bb0e11c4e9a32bb0930a15"},
    {file = "numpy-1.19.4-cp37-cp37m-manylinux2014_aarch64.whl", hash = "sha256:6d7593a705d662be5bfe24111af14763016765f43cb6923ed86223f965f52387"},
    {file = "numpy-1.19.4-cp37-cp37m-win32.whl", hash = "sha256:6ae6c680f3ebf1cf7ad1d7748868b39d9f900836df774c453c11c5440bc15b36"},
    {file = "numpy-1.19.4-cp37-cp37m-win_amd64.whl", hash = "sha256:9eeb7d1d04b117ac0d38719915ae169aa6b61fca227b0b7d198d43728f0c879c"},
    {file = "numpy-1.19.4-cp38-cp38-macosx_10_9_x86_64.whl", hash = "sha256:cb1017eec5257e9ac6209ac172058c430e834d5d2bc21961dceeb79d111e5909"},
    {file = "numpy-1.19.4-cp38-cp38-manylinux1_i686.whl", hash = "sha256:edb01671b3caae1ca00881686003d16c2209e07b7ef8b7639f1867852b948f7c"},
    {file = "numpy-1.19.4-cp38-cp38-manylinux1_x86_64.whl", hash = "sha256:f29454410db6ef8126c83bd3c968d143304633d45dc57b51252afbd79d700893"},
    {file = "numpy-1.19.4-cp38-cp38-manylinux2010_i686.whl", hash = "sha256:ec149b90019852266fec2341ce1db513b843e496d5a8e8cdb5ced1923a92faab"},
    {file = "numpy-1.19.4-cp38-cp38-manylinux2010_x86_64.whl", hash = "sha256:1aeef46a13e51931c0b1cf8ae1168b4a55ecd282e6688fdb0a948cc5a1d5afb9"},
    {file = "numpy-1.19.4-cp38-cp38-manylinux2014_aarch64.whl", hash = "sha256:08308c38e44cc926bdfce99498b21eec1f848d24c302519e64203a8da99a97db"},
    {file = "numpy-1.19.4-cp38-cp38-win32.whl", hash = "sha256:5734bdc0342aba9dfc6f04920988140fb41234db42381cf7ccba64169f9fe7ac"},
    {file = "numpy-1.19.4-cp38-cp38-win_amd64.whl", hash = "sha256:09c12096d843b90eafd01ea1b3307e78ddd47a55855ad402b157b6c4862197ce"},
    {file = "numpy-1.19.4-cp39-cp39-macosx_10_9_x86_64.whl", hash = "sha256:e452dc66e08a4ce642a961f134814258a082832c78c90351b75c41ad16f79f63"},
    {file = "numpy-1.19.4-cp39-cp39-manylinux1_i686.whl", hash = "sha256:a5d897c14513590a85774180be713f692df6fa8ecf6483e561a6d47309566f37"},
    {file = "numpy-1.19.4-cp39-cp39-manylinux1_x86_64.whl", hash = "sha256:a09f98011236a419ee3f49cedc9ef27d7a1651df07810ae430a6b06576e0b414"},
    {file = "numpy-1.19.4-cp39-cp39-manylinux2010_i686.whl", hash = "sha256:50e86c076611212ca62e5a59f518edafe0c0730f7d9195fec718da1a5c2bb1fc"},
    {file = "numpy-1.19.4-cp39-cp39-manylinux2010_x86_64.whl", hash = "sha256:f0d3929fe88ee1c155129ecd82f981b8856c5d97bcb0d5f23e9b4242e79d1de3"},
    {file = "numpy-1.19.4-cp39-cp39-manylinux2014_aarch64.whl", hash = "sha256:c42c4b73121caf0ed6cd795512c9c09c52a7287b04d105d112068c1736d7c753"},
    {file = "numpy-1.19.4-cp39-cp39-win32.whl", hash = "sha256:8cac8790a6b1ddf88640a9267ee67b1aee7a57dfa2d2dd33999d080bc8ee3a0f"},
    {file = "numpy-1.19.4-cp39-cp39-win_amd64.whl", hash = "sha256:4377e10b874e653fe96985c05feed2225c912e328c8a26541f7fc600fb9c637b"},
    {file = "numpy-1.19.4-pp36-pypy36_pp73-manylinux2010_x86_64.whl", hash = "sha256:2a2740aa9733d2e5b2dfb33639d98a64c3b0f24765fed86b0fd2aec07f6a0a08"},
    {file = "numpy-1.19.4.zip", hash = "sha256:141ec3a3300ab89c7f2b0775289954d193cc8edb621ea05f99db9cb181530512"},
]
packaging = [
    {file = "packaging-20.4-py2.py3-none-any.whl", hash = "sha256:998416ba6962ae7fbd6596850b80e17859a5753ba17c32284f67bfff33784181"},
    {file = "packaging-20.4.tar.gz", hash = "sha256:4357f74f47b9c12db93624a82154e9b120fa8293699949152b22065d556079f8"},
]
parsimonious = [
    {file = "parsimonious-0.8.1.tar.gz", hash = "sha256:3add338892d580e0cb3b1a39e4a1b427ff9f687858fdd61097053742391a9f6b"},
]
pluggy = [
    {file = "pluggy-0.13.1-py2.py3-none-any.whl", hash = "sha256:966c145cd83c96502c3c3868f50408687b38434af77734af1e9ca461a4081d2d"},
    {file = "pluggy-0.13.1.tar.gz", hash = "sha256:15b2acde666561e1298d71b523007ed7364de07029219b604cf808bfa1c765b0"},
]
ply = [
    {file = "ply-3.10.tar.gz", hash = "sha256:96e94af7dd7031d8d6dd6e2a8e0de593b511c211a86e28a9c9621c275ac8bacb"},
]
psutil = [
    {file = "psutil-5.7.3-cp27-none-win32.whl", hash = "sha256:1cd6a0c9fb35ece2ccf2d1dd733c1e165b342604c67454fd56a4c12e0a106787"},
    {file = "psutil-5.7.3-cp27-none-win_amd64.whl", hash = "sha256:e02c31b2990dcd2431f4524b93491941df39f99619b0d312dfe1d4d530b08b4b"},
    {file = "psutil-5.7.3-cp35-cp35m-win32.whl", hash = "sha256:56c85120fa173a5d2ad1d15a0c6e0ae62b388bfb956bb036ac231fbdaf9e4c22"},
    {file = "psutil-5.7.3-cp35-cp35m-win_amd64.whl", hash = "sha256:fa38ac15dbf161ab1e941ff4ce39abd64b53fec5ddf60c23290daed2bc7d1157"},
    {file = "psutil-5.7.3-cp36-cp36m-win32.whl", hash = "sha256:01bc82813fbc3ea304914581954979e637bcc7084e59ac904d870d6eb8bb2bc7"},
    {file = "psutil-5.7.3-cp36-cp36m-win_amd64.whl", hash = "sha256:6a3e1fd2800ca45083d976b5478a2402dd62afdfb719b30ca46cd28bb25a2eb4"},
    {file = "psutil-5.7.3-cp37-cp37m-win32.whl", hash = "sha256:fbcac492cb082fa38d88587d75feb90785d05d7e12d4565cbf1ecc727aff71b7"},
    {file = "psutil-5.7.3-cp37-cp37m-win_amd64.whl", hash = "sha256:5d9106ff5ec2712e2f659ebbd112967f44e7d33f40ba40530c485cc5904360b8"},
    {file = "psutil-5.7.3-cp38-cp38-win32.whl", hash = "sha256:ade6af32eb80a536eff162d799e31b7ef92ddcda707c27bbd077238065018df4"},
    {file = "psutil-5.7.3-cp38-cp38-win_amd64.whl", hash = "sha256:2cb55ef9591b03ef0104bedf67cc4edb38a3edf015cf8cf24007b99cb8497542"},
    {file = "psutil-5.7.3.tar.gz", hash = "sha256:af73f7bcebdc538eda9cc81d19db1db7bf26f103f91081d780bbacfcb620dee2"},
]
py = [
    {file = "py-1.9.0-py2.py3-none-any.whl", hash = "sha256:366389d1db726cd2fcfc79732e75410e5fe4d31db13692115529d34069a043c2"},
    {file = "py-1.9.0.tar.gz", hash = "sha256:9ca6883ce56b4e8da7e79ac18787889fa5206c79dcc67fb065376cd2fe03f342"},
]
py-aiger = [
    {file = "py-aiger-6.1.11.tar.gz", hash = "sha256:290ed97586d43a536bb9c267878af727b56f0c58b8a4fbc598fb776134d8fa0d"},
    {file = "py_aiger-6.1.11-py3-none-any.whl", hash = "sha256:1c4000679ec05967d94d00e7f6fd0f673096ceb4fd5fab27ccf0052f65061b5d"},
]
py-aiger-bdd = [
    {file = "py-aiger-bdd-3.0.1.tar.gz", hash = "sha256:cdc3503c93843f9a5b15d01de6cec18748c463eb5ed3b47a444bedd71165a8f0"},
    {file = "py_aiger_bdd-3.0.1-py3-none-any.whl", hash = "sha256:96e5d314379334a4099087fcce67072eb88c82d181708c297cf54258514d4236"},
]
py-aiger-bv = [
    {file = "py-aiger-bv-4.5.1.tar.gz", hash = "sha256:5b0d3533f9ea83f94e65bd7962c653c633b3b56d5b6092d5b0208df14c3eb15c"},
    {file = "py_aiger_bv-4.5.1-py3-none-any.whl", hash = "sha256:cfa1567785f7649761a88635faca77747f222736f2d8b32c568b36c87a274492"},
]
py-aiger-cnf = [
    {file = "py-aiger-cnf-5.0.1.tar.gz", hash = "sha256:85c1446e6cad0353716df7eb1a902eb4487ce27691c4a1e16a3c9699ed733276"},
    {file = "py_aiger_cnf-5.0.1-py3-none-any.whl", hash = "sha256:bdbc46b548ae8f1b496e4fef2d911c0c8e2ce1fb793db89ce96be43840e0051e"},
]
py-aiger-coins = [
    {file = "py-aiger-coins-3.2.0.tar.gz", hash = "sha256:fc4e5d1edd851a2b9f708fd07c0728714cff3af8e0c87e4c18138bc2ae1d1b05"},
    {file = "py_aiger_coins-3.2.0-py3-none-any.whl", hash = "sha256:6871e8cb90a28f7e7b29edce9c41b185147f2fe9630f7285aad2467813360c89"},
]
py-aiger-discrete = [
    {file = "py-aiger-discrete-0.1.6.tar.gz", hash = "sha256:c1ad980c1577dd8001041a4c8ccba28b57dafd0c589ff509374a1a723915f2d4"},
    {file = "py_aiger_discrete-0.1.6-py3-none-any.whl", hash = "sha256:ddfff2a5c6cdefb3aaefb074b3ba5c0a03044bcc3f9e9a23b5295599a47a8601"},
]
py-aiger-ptltl = [
    {file = "py-aiger-ptltl-3.0.1.tar.gz", hash = "sha256:fc5356ee2c184b6b9e3217ffe3bf69adc917f404ebef82a0948428bd3df34833"},
    {file = "py_aiger_ptltl-3.0.1-py3-none-any.whl", hash = "sha256:2ddd3168be18ccfae91bbab33611d117bbf74f2c584c592a627ee1446bb70f17"},
]
py-aiger-sat = [
    {file = "py-aiger-sat-3.0.4.tar.gz", hash = "sha256:e01fac80bbe5dfacc6b087a396189c5f5901d74aa239ec1b2a964c8a652664d6"},
    {file = "py_aiger_sat-3.0.4-py3-none-any.whl", hash = "sha256:0742cf5cfa2d2ee41b222318d9825339b35a4765ed0cbc38cb1b4063792f513c"},
]
pycodestyle = [
    {file = "pycodestyle-2.6.0-py2.py3-none-any.whl", hash = "sha256:2295e7b2f6b5bd100585ebcb1f616591b652db8a741695b3d8f5d28bdc934367"},
    {file = "pycodestyle-2.6.0.tar.gz", hash = "sha256:c58a7d2815e0e8d7972bf1803331fb0152f867bd89adf8a01dfd55085434192e"},
]
pydot = [
    {file = "pydot-1.4.1-py2.py3-none-any.whl", hash = "sha256:67be714300c78fda5fd52f79ec994039e3f76f074948c67b5ff539b433ad354f"},
    {file = "pydot-1.4.1.tar.gz", hash = "sha256:d49c9d4dd1913beec2a997f831543c8cbd53e535b1a739e921642fe416235f01"},
]
pyflakes = [
    {file = "pyflakes-2.2.0-py2.py3-none-any.whl", hash = "sha256:0d94e0e05a19e57a99444b6ddcf9a6eb2e5c68d3ca1e98e90707af8152c90a92"},
    {file = "pyflakes-2.2.0.tar.gz", hash = "sha256:35b2d75ee967ea93b55750aa9edbbf72813e06a66ba54438df2cfac9e3c27fc8"},
]
pyparsing = [
    {file = "pyparsing-2.4.7-py2.py3-none-any.whl", hash = "sha256:ef9d7589ef3c200abe66653d3f1ab1033c3c419ae9b9bdb1240a85b024efc88b"},
    {file = "pyparsing-2.4.7.tar.gz", hash = "sha256:c203ec8783bf771a155b207279b9bccb8dea02d8f0c9e5f8ead507bc3246ecc1"},
]
pyrsistent = [
    {file = "pyrsistent-0.17.3.tar.gz", hash = "sha256:2e636185d9eb976a18a8a8e96efce62f2905fea90041958d8cc2a189756ebf3e"},
]
pytest = [
    {file = "pytest-6.1.2-py3-none-any.whl", hash = "sha256:4288fed0d9153d9646bfcdf0c0428197dba1ecb27a33bb6e031d002fa88653fe"},
    {file = "pytest-6.1.2.tar.gz", hash = "sha256:c0a7e94a8cdbc5422a51ccdad8e6f1024795939cc89159a0ae7f0b316ad3823e"},
]
pytest-flake8 = [
    {file = "pytest-flake8-1.0.6.tar.gz", hash = "sha256:1b82bb58c88eb1db40524018d3fcfd0424575029703b4e2d8e3ee873f2b17027"},
    {file = "pytest_flake8-1.0.6-py2.py3-none-any.whl", hash = "sha256:2e91578ecd9b200066f99c1e1de0f510fbb85bcf43712d46ea29fe47607cc234"},
]
pytest-forked = [
    {file = "pytest-forked-1.3.0.tar.gz", hash = "sha256:6aa9ac7e00ad1a539c41bec6d21011332de671e938c7637378ec9710204e37ca"},
    {file = "pytest_forked-1.3.0-py2.py3-none-any.whl", hash = "sha256:dc4147784048e70ef5d437951728825a131b81714b398d5d52f17c7c144d8815"},
]
pytest-xdist = [
    {file = "pytest-xdist-2.1.0.tar.gz", hash = "sha256:82d938f1a24186520e2d9d3a64ef7d9ac7ecdf1a0659e095d18e596b8cbd0672"},
    {file = "pytest_xdist-2.1.0-py3-none-any.whl", hash = "sha256:7c629016b3bb006b88ac68e2b31551e7becf173c76b977768848e2bbed594d90"},
]
python-sat = [
    {file = "python-sat-0.1.6.dev9.tar.gz", hash = "sha256:e7ab6049709262f4b2b04812ef5dd79277c9cebf78ebea5aca5cb1e51940f760"},
    {file = "python_sat-0.1.6.dev9-cp27-cp27m-macosx_10_15_x86_64.whl", hash = "sha256:bc50c221fd4f708a814a25e93448cadc59c881da9834c2d990cea2d6adb42114"},
    {file = "python_sat-0.1.6.dev9-cp27-cp27m-manylinux1_i686.whl", hash = "sha256:8b1859487f46512de93628c3f5b6563ab420faffc8cf278713a51b028c7764e9"},
    {file = "python_sat-0.1.6.dev9-cp27-cp27m-manylinux1_x86_64.whl", hash = "sha256:bc8ed656c1c717090199c90646f7579d470f63800b4fdd133bf10b31cdb1f1d0"},
    {file = "python_sat-0.1.6.dev9-cp27-cp27m-manylinux2010_x86_64.whl", hash = "sha256:3b11e36c270d3fa2d5abc7819a092aea19ff0b7e167a208aad20cca2a6139980"},
    {file = "python_sat-0.1.6.dev9-cp27-cp27mu-manylinux1_i686.whl", hash = "sha256:7a31aa47ea9c1ba36f5f647dde7a7171e429ed8d30cf74b3e1bd70b1bae5a300"},
    {file = "python_sat-0.1.6.dev9-cp27-cp27mu-manylinux1_x86_64.whl", hash = "sha256:af017720a6a488e850e5d059ffde83f93e6949fd6185ee9f6e76302f56ff7d1b"},
    {file = "python_sat-0.1.6.dev9-cp27-cp27mu-manylinux2010_x86_64.whl", hash = "sha256:ae0752155ad056e102ffe460b0e7de2b90a5ea591be54e04ffa2ab88a146a73b"},
    {file = "python_sat-0.1.6.dev9-cp35-cp35m-manylinux1_i686.whl", hash = "sha256:311f14e670d9aa86af5f5340a3aad32f58ab53a1040ba8a9b7371f8e42ebaf31"},
    {file = "python_sat-0.1.6.dev9-cp35-cp35m-manylinux1_x86_64.whl", hash = "sha256:f3e63b3caf46e4234e04e3581918fe391d1d81b5d25a9b5526265fdb98c73a96"},
    {file = "python_sat-0.1.6.dev9-cp35-cp35m-manylinux2010_x86_64.whl", hash = "sha256:402e68fc337d6f4d8409d51c27866a054249e2733206d8c1ca5c4440f743ae56"},
    {file = "python_sat-0.1.6.dev9-cp36-cp36m-manylinux1_i686.whl", hash = "sha256:a8b5aa9905ca3d6a05458fb426b6be00a6d164cdafb946e9797436c7e019fd58"},
    {file = "python_sat-0.1.6.dev9-cp36-cp36m-manylinux1_x86_64.whl", hash = "sha256:f760751e5e6322ba08d0c402c05f9695bc53ab1ee7d8a5ff6ec70816a26405fe"},
    {file = "python_sat-0.1.6.dev9-cp36-cp36m-manylinux2010_x86_64.whl", hash = "sha256:69d79d827ae4d43354830ba9864acc655a21038bfca2e4f0c9ab76913f7ad46e"},
    {file = "python_sat-0.1.6.dev9-cp36-cp36m-win_amd64.whl", hash = "sha256:121f1626d743a7a64d380d542ef29a40ef537a3b1e4c8225413fa3f1be70adab"},
    {file = "python_sat-0.1.6.dev9-cp37-cp37m-manylinux1_i686.whl", hash = "sha256:3f9f726ed9ff41b5da7cbda0b7268af3aa677fd76c666015d42fabfc0945b97f"},
    {file = "python_sat-0.1.6.dev9-cp37-cp37m-manylinux1_x86_64.whl", hash = "sha256:7dfb7b2584243f99120c52f48e0ae137bc1a53cf1af69e9759387f5a9aa6bccd"},
    {file = "python_sat-0.1.6.dev9-cp37-cp37m-manylinux2010_x86_64.whl", hash = "sha256:295cc6568a1e074c44d1b7a33e074b8ad93400f1486622eeeb7fb78aea02e8d8"},
    {file = "python_sat-0.1.6.dev9-cp37-cp37m-win_amd64.whl", hash = "sha256:d8792d9b3a25ab4473c97c091e4c8ad197b613359cb4dcd6c241b3f39524ab9c"},
    {file = "python_sat-0.1.6.dev9-cp38-cp38-macosx_10_15_x86_64.whl", hash = "sha256:b61cbdb9f48b2ef7e25cc52ba55eebebedbe1c456835afb2a211d70a5019b99d"},
    {file = "python_sat-0.1.6.dev9-cp38-cp38-manylinux1_i686.whl", hash = "sha256:1bd3c023e833638ff57db2214ca25c2725cbb950d062a93f5d313731d313fffa"},
    {file = "python_sat-0.1.6.dev9-cp38-cp38-manylinux1_x86_64.whl", hash = "sha256:9b202efd490de404d8e2ad6d0a6d955982da5427d95c50648364f933fa68ad64"},
    {file = "python_sat-0.1.6.dev9-cp38-cp38-manylinux2010_x86_64.whl", hash = "sha256:7ad05575a0bc8451cb81e85f29223a993625c096434fa853d3d55b72e7123dd9"},
    {file = "python_sat-0.1.6.dev9-cp38-cp38-win_amd64.whl", hash = "sha256:6537f0d65ce5d29a2a3e6438a02a184f2cc358f6402e9ad77b24816cefc62460"},
    {file = "python_sat-0.1.6.dev9-cp39-cp39-macosx_10_15_x86_64.whl", hash = "sha256:a7b2436153ed63f989cc3cc1c2c37f1ad4424c173ef07cb27d7be56a7c32e0bc"},
    {file = "python_sat-0.1.6.dev9-cp39-cp39-manylinux1_i686.whl", hash = "sha256:243aad930f09a2c4680c6187e9d3d16738113114648ca73a6d33944f2fb74af9"},
    {file = "python_sat-0.1.6.dev9-cp39-cp39-manylinux1_x86_64.whl", hash = "sha256:f42b6c4e78be8451854eed706909dbafd94a7561c74e425985648b298a620bd4"},
    {file = "python_sat-0.1.6.dev9-cp39-cp39-manylinux2010_x86_64.whl", hash = "sha256:1ad1e666fa7332133a86cf18fe6c1aa1948c114077bdcbdb6263fea98eafbe64"},
]
scipy = [
    {file = "scipy-1.5.4-cp36-cp36m-macosx_10_9_x86_64.whl", hash = "sha256:4f12d13ffbc16e988fa40809cbbd7a8b45bc05ff6ea0ba8e3e41f6f4db3a9e47"},
    {file = "scipy-1.5.4-cp36-cp36m-manylinux1_i686.whl", hash = "sha256:a254b98dbcc744c723a838c03b74a8a34c0558c9ac5c86d5561703362231107d"},
    {file = "scipy-1.5.4-cp36-cp36m-manylinux1_x86_64.whl", hash = "sha256:368c0f69f93186309e1b4beb8e26d51dd6f5010b79264c0f1e9ca00cd92ea8c9"},
    {file = "scipy-1.5.4-cp36-cp36m-manylinux2014_aarch64.whl", hash = "sha256:4598cf03136067000855d6b44d7a1f4f46994164bcd450fb2c3d481afc25dd06"},
    {file = "scipy-1.5.4-cp36-cp36m-win32.whl", hash = "sha256:e98d49a5717369d8241d6cf33ecb0ca72deee392414118198a8e5b4c35c56340"},
    {file = "scipy-1.5.4-cp36-cp36m-win_amd64.whl", hash = "sha256:65923bc3809524e46fb7eb4d6346552cbb6a1ffc41be748535aa502a2e3d3389"},
    {file = "scipy-1.5.4-cp37-cp37m-macosx_10_9_x86_64.whl", hash = "sha256:9ad4fcddcbf5dc67619379782e6aeef41218a79e17979aaed01ed099876c0e62"},
    {file = "scipy-1.5.4-cp37-cp37m-manylinux1_i686.whl", hash = "sha256:f87b39f4d69cf7d7529d7b1098cb712033b17ea7714aed831b95628f483fd012"},
    {file = "scipy-1.5.4-cp37-cp37m-manylinux1_x86_64.whl", hash = "sha256:25b241034215247481f53355e05f9e25462682b13bd9191359075682adcd9554"},
    {file = "scipy-1.5.4-cp37-cp37m-manylinux2014_aarch64.whl", hash = "sha256:fa789583fc94a7689b45834453fec095245c7e69c58561dc159b5d5277057e4c"},
    {file = "scipy-1.5.4-cp37-cp37m-win32.whl", hash = "sha256:d6d25c41a009e3c6b7e757338948d0076ee1dd1770d1c09ec131f11946883c54"},
    {file = "scipy-1.5.4-cp37-cp37m-win_amd64.whl", hash = "sha256:2c872de0c69ed20fb1a9b9cf6f77298b04a26f0b8720a5457be08be254366c6e"},
    {file = "scipy-1.5.4-cp38-cp38-macosx_10_9_x86_64.whl", hash = "sha256:e360cb2299028d0b0d0f65a5c5e51fc16a335f1603aa2357c25766c8dab56938"},
    {file = "scipy-1.5.4-cp38-cp38-manylinux1_i686.whl", hash = "sha256:3397c129b479846d7eaa18f999369a24322d008fac0782e7828fa567358c36ce"},
    {file = "scipy-1.5.4-cp38-cp38-manylinux1_x86_64.whl", hash = "sha256:168c45c0c32e23f613db7c9e4e780bc61982d71dcd406ead746c7c7c2f2004ce"},
    {file = "scipy-1.5.4-cp38-cp38-manylinux2014_aarch64.whl", hash = "sha256:213bc59191da2f479984ad4ec39406bf949a99aba70e9237b916ce7547b6ef42"},
    {file = "scipy-1.5.4-cp38-cp38-win32.whl", hash = "sha256:634568a3018bc16a83cda28d4f7aed0d803dd5618facb36e977e53b2df868443"},
    {file = "scipy-1.5.4-cp38-cp38-win_amd64.whl", hash = "sha256:b03c4338d6d3d299e8ca494194c0ae4f611548da59e3c038813f1a43976cb437"},
    {file = "scipy-1.5.4-cp39-cp39-macosx_10_9_x86_64.whl", hash = "sha256:3d5db5d815370c28d938cf9b0809dade4acf7aba57eaf7ef733bfedc9b2474c4"},
    {file = "scipy-1.5.4-cp39-cp39-manylinux1_i686.whl", hash = "sha256:6b0ceb23560f46dd236a8ad4378fc40bad1783e997604ba845e131d6c680963e"},
    {file = "scipy-1.5.4-cp39-cp39-manylinux1_x86_64.whl", hash = "sha256:ed572470af2438b526ea574ff8f05e7f39b44ac37f712105e57fc4d53a6fb660"},
    {file = "scipy-1.5.4-cp39-cp39-manylinux2014_aarch64.whl", hash = "sha256:8c8d6ca19c8497344b810b0b0344f8375af5f6bb9c98bd42e33f747417ab3f57"},
    {file = "scipy-1.5.4-cp39-cp39-win32.whl", hash = "sha256:d84cadd7d7998433334c99fa55bcba0d8b4aeff0edb123b2a1dfcface538e474"},
    {file = "scipy-1.5.4-cp39-cp39-win_amd64.whl", hash = "sha256:cc1f78ebc982cd0602c9a7615d878396bec94908db67d4ecddca864d049112f2"},
    {file = "scipy-1.5.4.tar.gz", hash = "sha256:4a453d5e5689de62e5d38edf40af3f17560bfd63c9c5bd228c18c1f99afa155b"},
]
six = [
    {file = "six-1.15.0-py2.py3-none-any.whl", hash = "sha256:8b74bedcbbbaca38ff6d7491d76f2b06b3592611af620f8426e82dddb04a5ced"},
    {file = "six-1.15.0.tar.gz", hash = "sha256:30639c035cdb23534cd4aa2dd52c3bf48f06e5f4a941509c8bafd8ce11080259"},
]
sortedcontainers = [
    {file = "sortedcontainers-2.3.0-py2.py3-none-any.whl", hash = "sha256:37257a32add0a3ee490bb170b599e93095eed89a55da91fa9f48753ea12fd73f"},
    {file = "sortedcontainers-2.3.0.tar.gz", hash = "sha256:59cc937650cf60d677c16775597c89a960658a09cf7c1a668f86e1e4464b10a1"},
]
toml = [
    {file = "toml-0.10.2-py2.py3-none-any.whl", hash = "sha256:806143ae5bfb6a3c6e736a764057db0e6a0e05e338b5630894a5f779cabb4f9b"},
    {file = "toml-0.10.2.tar.gz", hash = "sha256:b3bda1d108d5dd99f4a20d24d9c348e91c4db7ab1b749200bded2f839ccbe68f"},
]
toposort = [
    {file = "toposort-1.5-py2.py3-none-any.whl", hash = "sha256:d80128b83b411d503b0cdb4a8f172998bc1d3b434b6402a349b8ebd734d51a80"},
    {file = "toposort-1.5.tar.gz", hash = "sha256:dba5ae845296e3bf37b042c640870ffebcdeb8cd4df45adaa01d8c5476c557dd"},
]
zipp = [
    {file = "zipp-3.4.0-py3-none-any.whl", hash = "sha256:102c24ef8f171fd729d46599845e95c7ab894a4cf45f5de11a44cc7444fb1108"},
    {file = "zipp-3.4.0.tar.gz", hash = "sha256:ed5eee1974372595f9e416cc7bbeeb12335201d8081ca8a0743c954d4446e5cb"},
]
